
Microsoft Visual Studio Solution File, Format Version 12.00
# Visual Studio Version 16
VisualStudioVersion = 16.0.32002.261
MinimumVisualStudioVersion = 10.0.40219.1
Project("{FAE04EC0-301F-11D3-BF4B-00C04F79EFBC}") = "rmj_tms_build", "rmj_tms_build\rmj_tms_build.csproj", "{24AF523B-3837-4188-A29D-C0844198517A}"
EndProject
Global
	GlobalSection(SolutionConfigurationPlatforms) = preSolution
		Debug|Any CPU = Debug|Any CPU
		Release|Any CPU = Release|Any CPU
	EndGlobalSection
	GlobalSection(ProjectConfigurationPlatforms) = postSolution
		{24AF523B-3837-4188-A29D-C0844198517A}.Debug|Any CPU.ActiveCfg = Debug|Any CPU
		{24AF523B-3837-4188-A29D-C0844198517A}.Debug|Any CPU.Build.0 = Debug|Any CPU
		{24AF523B-3837-4188-A29D-C0844198517A}.Release|Any CPU.ActiveCfg = Release|Any CPU
		{24AF523B-3837-4188-A29D-C0844198517A}.Release|Any CPU.Build.0 = Release|Any CPU
	EndGlobalSection
	GlobalSection(SolutionProperties) = preSolution
		HideSolutionNode = FALSE
	EndGlobalSection
	GlobalSection(ExtensibilityGlobals) = postSolution
		SolutionGuid = {09B3BBCE-1C67-415D-A918-66C70BA71CC1}
	EndGlobalSection
EndGlobal
