
Microsoft Visual Studio Solution File, Format Version 12.00
# Visual Studio Version 16
VisualStudioVersion = 16.0.32002.261
MinimumVisualStudioVersion = 10.0.40219.1
Project("{FAE04EC0-301F-11D3-BF4B-00C04F79EFBC}") = "rmj_tms_extract", "rmj_tms_extract\rmj_tms_extract.csproj", "{C56EFFF1-CBC7-4ECB-A76C-6E93010FE3DB}"
EndProject
Global
	GlobalSection(SolutionConfigurationPlatforms) = preSolution
		Debug|Any CPU = Debug|Any CPU
		Release|Any CPU = Release|Any CPU
	EndGlobalSection
	GlobalSection(ProjectConfigurationPlatforms) = postSolution
		{C56EFFF1-CBC7-4ECB-A76C-6E93010FE3DB}.Debug|Any CPU.ActiveCfg = Debug|Any CPU
		{C56EFFF1-CBC7-4ECB-A76C-6E93010FE3DB}.Debug|Any CPU.Build.0 = Debug|Any CPU
		{C56EFFF1-CBC7-4ECB-A76C-6E93010FE3DB}.Release|Any CPU.ActiveCfg = Release|Any CPU
		{C56EFFF1-CBC7-4ECB-A76C-6E93010FE3DB}.Release|Any CPU.Build.0 = Release|Any CPU
	EndGlobalSection
	GlobalSection(SolutionProperties) = preSolution
		HideSolutionNode = FALSE
	EndGlobalSection
	GlobalSection(ExtensibilityGlobals) = postSolution
		SolutionGuid = {CADECA32-60D6-4969-97F0-EEA4CFAFDF67}
	EndGlobalSection
EndGlobal
